
Microsoft Visual Studio Solution File, Format Version 12.00
# Visual Studio Version 17
VisualStudioVersion = 17.10.35004.147
MinimumVisualStudioVersion = 10.0.40219.1
Project("{FAE04EC0-301F-11D3-BF4B-00C04F79EFBC}") = "CSharp_BangCuuChuong", "CSharp_BangCuuChuong.csproj", "{14AEF91C-EE73-44F6-864B-96120BB93664}"
EndProject
Global
	GlobalSection(SolutionConfigurationPlatforms) = preSolution
		Debug|Any CPU = Debug|Any CPU
		Release|Any CPU = Release|Any CPU
	EndGlobalSection
	GlobalSection(ProjectConfigurationPlatforms) = postSolution
		{14AEF91C-EE73-44F6-864B-96120BB93664}.Debug|Any CPU.ActiveCfg = Debug|Any CPU
		{14AEF91C-EE73-44F6-864B-96120BB93664}.Debug|Any CPU.Build.0 = Debug|Any CPU
		{14AEF91C-EE73-44F6-864B-96120BB93664}.Release|Any CPU.ActiveCfg = Release|Any CPU
		{14AEF91C-EE73-44F6-864B-96120BB93664}.Release|Any CPU.Build.0 = Release|Any CPU
	EndGlobalSection
	GlobalSection(SolutionProperties) = preSolution
		HideSolutionNode = FALSE
	EndGlobalSection
	GlobalSection(ExtensibilityGlobals) = postSolution
		SolutionGuid = {3B3E6630-9D31-418E-9FBF-848FFA9E9542}
	EndGlobalSection
EndGlobal
